
Microsoft Visual Studio Solution File, Format Version 12.00
# Visual Studio Version 16
VisualStudioVersion = 16.0.31025.194
MinimumVisualStudioVersion = 10.0.40219.1
Project("{FAE04EC0-301F-11D3-BF4B-00C04F79EFBC}") = "MyLabirint", "MyLabirint\MyLabirint.csproj", "{AB1847A0-DC54-42CA-B71A-F9B5BB84A4D5}"
EndProject
Global
	GlobalSection(SolutionConfigurationPlatforms) = preSolution
		Debug|Any CPU = Debug|Any CPU
		Release|Any CPU = Release|Any CPU
	EndGlobalSection
	GlobalSection(ProjectConfigurationPlatforms) = postSolution
		{AB1847A0-DC54-42CA-B71A-F9B5BB84A4D5}.Debug|Any CPU.ActiveCfg = Debug|Any CPU
		{AB1847A0-DC54-42CA-B71A-F9B5BB84A4D5}.Debug|Any CPU.Build.0 = Debug|Any CPU
		{AB1847A0-DC54-42CA-B71A-F9B5BB84A4D5}.Release|Any CPU.ActiveCfg = Release|Any CPU
		{AB1847A0-DC54-42CA-B71A-F9B5BB84A4D5}.Release|Any CPU.Build.0 = Release|Any CPU
	EndGlobalSection
	GlobalSection(SolutionProperties) = preSolution
		HideSolutionNode = FALSE
	EndGlobalSection
	GlobalSection(ExtensibilityGlobals) = postSolution
		SolutionGuid = {362EE266-B028-4FCC-827D-BE4E355443C3}
	EndGlobalSection
EndGlobal
